
Microsoft Visual Studio Solution File, Format Version 12.00
# Visual Studio 15
VisualStudioVersion = 15.0.27130.2024
MinimumVisualStudioVersion = 10.0.40219.1
Project("{8BC9CEB8-8B4A-11D0-8D11-00A0C91BC942}") = "projectile motion", "projectile motion\projectile motion.vcxproj", "{9DC2E9A8-E7E0-4B59-B3AE-9C256A181208}"
EndProject
Global
	GlobalSection(SolutionConfigurationPlatforms) = preSolution
		Debug|x64 = Debug|x64
		Debug|x86 = Debug|x86
		Release|x64 = Release|x64
		Release|x86 = Release|x86
	EndGlobalSection
	GlobalSection(ProjectConfigurationPlatforms) = postSolution
		{9DC2E9A8-E7E0-4B59-B3AE-9C256A181208}.Debug|x64.ActiveCfg = Debug|x64
		{9DC2E9A8-E7E0-4B59-B3AE-9C256A181208}.Debug|x64.Build.0 = Debug|x64
		{9DC2E9A8-E7E0-4B59-B3AE-9C256A181208}.Debug|x86.ActiveCfg = Debug|Win32
		{9DC2E9A8-E7E0-4B59-B3AE-9C256A181208}.Debug|x86.Build.0 = Debug|Win32
		{9DC2E9A8-E7E0-4B59-B3AE-9C256A181208}.Release|x64.ActiveCfg = Release|x64
		{9DC2E9A8-E7E0-4B59-B3AE-9C256A181208}.Release|x64.Build.0 = Release|x64
		{9DC2E9A8-E7E0-4B59-B3AE-9C256A181208}.Release|x86.ActiveCfg = Release|Win32
		{9DC2E9A8-E7E0-4B59-B3AE-9C256A181208}.Release|x86.Build.0 = Release|Win32
	EndGlobalSection
	GlobalSection(SolutionProperties) = preSolution
		HideSolutionNode = FALSE
	EndGlobalSection
	GlobalSection(ExtensibilityGlobals) = postSolution
		SolutionGuid = {34A5BC3A-A634-4860-854C-A92FC01227DB}
	EndGlobalSection
EndGlobal
